// !$*UTF8*$!
{
	archiveVersion = 1;
	classes = {
	};
	objectVersion = 51;
	objects = {

/* Begin PBXBuildFile section */
		2673E00D08B61D37605A7706 /* Pods_PushNotificationTest.framework in Frameworks */ = {isa = PBXBuildFile; fileRef = 4364CC03227FB9DF09735A4C /* Pods_PushNotificationTest.framework */; };
		97212419254BA69D00AB748C /* PushNotificationTestApp.swift in Sources */ = {isa = PBXBuildFile; fileRef = 97212418254BA69D00AB748C /* PushNotificationTestApp.swift */; };
		9721241B254BA69D00AB748C /* ContentView.swift in Sources */ = {isa = PBXBuildFile; fileRef = 9721241A254BA69D00AB748C /* ContentView.swift */; };
		9721241D254BA6A300AB748C /* Assets.xcassets in Resources */ = {isa = PBXBuildFile; fileRef = 9721241C254BA6A300AB748C /* Assets.xcassets */; };
		97212420254BA6A300AB748C /* Preview Assets.xcassets in Resources */ = {isa = PBXBuildFile; fileRef = 9721241F254BA6A300AB748C /* Preview Assets.xcassets */; };
		9721242B254BA8A900AB748C /* GoogleService-Info.plist in Resources */ = {isa = PBXBuildFile; fileRef = 9721242A254BA8A900AB748C /* GoogleService-Info.plist */; };
		9721243A254BA9E400AB748C /* AppDelegateswift.swift in Sources */ = {isa = PBXBuildFile; fileRef = 97212439254BA9E400AB748C /* AppDelegateswift.swift */; };
/* End PBXBuildFile section */

/* Begin PBXFileReference section */
		0AA0375006E85689AA776E04 /* Pods-PushNotificationTest.debug.xcconfig */ = {isa = PBXFileReference; includeInIndex = 1; lastKnownFileType = text.xcconfig; name = "Pods-PushNotificationTest.debug.xcconfig"; path = "Target Support Files/Pods-PushNotificationTest/Pods-PushNotificationTest.debug.xcconfig"; sourceTree = "<group>"; };
		4364CC03227FB9DF09735A4C /* Pods_PushNotificationTest.framework */ = {isa = PBXFileReference; explicitFileType = wrapper.framework; includeInIndex = 0; path = Pods_PushNotificationTest.framework; sourceTree = BUILT_PRODUCTS_DIR; };
		97212415254BA69D00AB748C /* PushNotificationTest.app */ = {isa = PBXFileReference; explicitFileType = wrapper.application; includeInIndex = 0; path = PushNotificationTest.app; sourceTree = BUILT_PRODUCTS_DIR; };
		97212418254BA69D00AB748C /* PushNotificationTestApp.swift */ = {isa = PBXFileReference; lastKnownFileType = sourcecode.swift; path = PushNotificationTestApp.swift; sourceTree = "<group>"; };
		9721241A254BA69D00AB748C /* ContentView.swift */ = {isa = PBXFileReference; lastKnownFileType = sourcecode.swift; path = ContentView.swift; sourceTree = "<group>"; };
		9721241C254BA6A300AB748C /* Assets.xcassets */ = {isa = PBXFileReference; lastKnownFileType = folder.assetcatalog; path = Assets.xcassets; sourceTree = "<group>"; };
		9721241F254BA6A300AB748C /* Preview Assets.xcassets */ = {isa = PBXFileReference; lastKnownFileType = folder.assetcatalog; path = "Preview Assets.xcassets"; sourceTree = "<group>"; };
		97212421254BA6A300AB748C /* Info.plist */ = {isa = PBXFileReference; lastKnownFileType = text.plist.xml; path = Info.plist; sourceTree = "<group>"; };
		97212428254BA81A00AB748C /* PushNotificationTest.entitlements */ = {isa = PBXFileReference; lastKnownFileType = text.plist.entitlements; path = PushNotificationTest.entitlements; sourceTree = "<group>"; };
		9721242A254BA8A900AB748C /* GoogleService-Info.plist */ = {isa = PBXFileReference; fileEncoding = 4; lastKnownFileType = text.plist.xml; name = "GoogleService-Info.plist"; path = "../../../../Downloads/GoogleService-Info.plist"; sourceTree = "<group>"; };
		97212439254BA9E400AB748C /* AppDelegateswift.swift */ = {isa = PBXFileReference; lastKnownFileType = sourcecode.swift; path = AppDelegateswift.swift; sourceTree = "<group>"; };
		B13EA636591E7FAF0392B445 /* Pods-PushNotificationTest.release.xcconfig */ = {isa = PBXFileReference; includeInIndex = 1; lastKnownFileType = text.xcconfig; name = "Pods-PushNotificationTest.release.xcconfig"; path = "Target Support Files/Pods-PushNotificationTest/Pods-PushNotificationTest.release.xcconfig"; sourceTree = "<group>"; };
/* End PBXFileReference section */

/* Begin PBXFrameworksBuildPhase section */
		97212412254BA69D00AB748C /* Frameworks */ = {
			isa = PBXFrameworksBuildPhase;
			buildActionMask = 2147483647;
			files = (
				2673E00D08B61D37605A7706 /* Pods_PushNotificationTest.framework in Frameworks */,
			);
			runOnlyForDeploymentPostprocessing = 0;
		};
/* End PBXFrameworksBuildPhase section */

/* Begin PBXGroup section */
		0C7540FF1DFA81B2B20C5EE0 /* Frameworks */ = {
			isa = PBXGroup;
			children = (
				4364CC03227FB9DF09735A4C /* Pods_PushNotificationTest.framework */,
			);
			name = Frameworks;
			sourceTree = "<group>";
		};
		6B467FD79F1E90ED322361BC /* Pods */ = {
			isa = PBXGroup;
			children = (
				0AA0375006E85689AA776E04 /* Pods-PushNotificationTest.debug.xcconfig */,
				B13EA636591E7FAF0392B445 /* Pods-PushNotificationTest.release.xcconfig */,
			);
			path = Pods;
			sourceTree = "<group>";
		};
		9721240C254BA69D00AB748C = {
			isa = PBXGroup;
			children = (
				97212417254BA69D00AB748C /* PushNotificationTest */,
				97212416254BA69D00AB748C /* Products */,
				6B467FD79F1E90ED322361BC /* Pods */,
				0C7540FF1DFA81B2B20C5EE0 /* Frameworks */,
			);
			sourceTree = "<group>";
		};
		97212416254BA69D00AB748C /* Products */ = {
			isa = PBXGroup;
			children = (
				97212415254BA69D00AB748C /* PushNotificationTest.app */,
			);
			name = Products;
			sourceTree = "<group>";
		};
		97212417254BA69D00AB748C /* PushNotificationTest */ = {
			isa = PBXGroup;
			children = (
				97212428254BA81A00AB748C /* PushNotificationTest.entitlements */,
				97212418254BA69D00AB748C /* PushNotificationTestApp.swift */,
				9721241A254BA69D00AB748C /* ContentView.swift */,
				9721241C254BA6A300AB748C /* Assets.xcassets */,
				97212421254BA6A300AB748C /* Info.plist */,
				9721242A254BA8A900AB748C /* GoogleService-Info.plist */,
				9721241E254BA6A300AB748C /* Preview Content */,
				97212439254BA9E400AB748C /* AppDelegateswift.swift */,
			);
			path = PushNotificationTest;
			sourceTree = "<group>";
		};
		9721241E254BA6A300AB748C /* Preview Content */ = {
			isa = PBXGroup;
			children = (
				9721241F254BA6A300AB748C /* Preview Assets.xcassets */,
			);
			path = "Preview Content";
			sourceTree = "<group>";
		};
/* End PBXGroup section */

/* Begin PBXNativeTarget section */
		97212414254BA69D00AB748C /* PushNotificationTest */ = {
			isa = PBXNativeTarget;
			buildConfigurationList = 97212424254BA6A300AB748C /* Build configuration list for PBXNativeTarget "PushNotificationTest" */;
			buildPhases = (
				E4141C6626FCEFD31D12C714 /* [CP] Check Pods Manifest.lock */,
				97212411254BA69D00AB748C /* Sources */,
				97212412254BA69D00AB748C /* Frameworks */,
				97212413254BA69D00AB748C /* Resources */,
				A7E4C24F876F1B891732502E /* [CP] Embed Pods Frameworks */,
			);
			buildRules = (
			);
			dependencies = (
			);
			name = PushNotificationTest;
			productName = PushNotificationTest;
			productReference = 97212415254BA69D00AB748C /* PushNotificationTest.app */;
			productType = "com.apple.product-type.application";
		};
/* End PBXNativeTarget section */

/* Begin PBXProject section */
		9721240D254BA69D00AB748C /* Project object */ = {
			isa = PBXProject;
			attributes = {
				LastSwiftUpdateCheck = 1200;
				LastUpgradeCheck = 1200;
				TargetAttributes = {
					97212414254BA69D00AB748C = {
						CreatedOnToolsVersion = 12.0.1;
					};
				};
			};
			buildConfigurationList = 97212410254BA69D00AB748C /* Build configuration list for PBXProject "PushNotificationTest" */;
			compatibilityVersion = "Xcode 9.3";
			developmentRegion = en;
			hasScannedForEncodings = 0;
			knownRegions = (
				en,
				Base,
			);
			mainGroup = 9721240C254BA69D00AB748C;
			productRefGroup = 97212416254BA69D00AB748C /* Products */;
			projectDirPath = "";
			projectRoot = "";
			targets = (
				97212414254BA69D00AB748C /* PushNotificationTest */,
			);
		};
/* End PBXProject section */

/* Begin PBXResourcesBuildPhase section */
		97212413254BA69D00AB748C /* Resources */ = {
			isa = PBXResourcesBuildPhase;
			buildActionMask = 2147483647;
			files = (
				97212420254BA6A300AB748C /* Preview Assets.xcassets in Resources */,
				9721241D254BA6A300AB748C /* Assets.xcassets in Resources */,
				9721242B254BA8A900AB748C /* GoogleService-Info.plist in Resources */,
			);
			runOnlyForDeploymentPostprocessing = 0;
		};
/* End PBXResourcesBuildPhase section */

/* Begin PBXShellScriptBuildPhase section */
		A7E4C24F876F1B891732502E /* [CP] Embed Pods Frameworks */ = {
			isa = PBXShellScriptBuildPhase;
			buildActionMask = 2147483647;
			files = (
			);
			inputFileListPaths = (
				"${PODS_ROOT}/Target Support Files/Pods-PushNotificationTest/Pods-PushNotificationTest-frameworks-${CONFIGURATION}-input-files.xcfilelist",
			);
			name = "[CP] Embed Pods Frameworks";
			outputFileListPaths = (
				"${PODS_ROOT}/Target Support Files/Pods-PushNotificationTest/Pods-PushNotificationTest-frameworks-${CONFIGURATION}-output-files.xcfilelist",
			);
			runOnlyForDeploymentPostprocessing = 0;
			shellPath = /bin/sh;
			shellScript = "\"${PODS_ROOT}/Target Support Files/Pods-PushNotificationTest/Pods-PushNotificationTest-frameworks.sh\"\n";
			showEnvVarsInLog = 0;
		};
		E4141C6626FCEFD31D12C714 /* [CP] Check Pods Manifest.lock */ = {
			isa = PBXShellScriptBuildPhase;
			buildActionMask = 2147483647;
			files = (
			);
			inputFileListPaths = (
			);
			inputPaths = (
				"${PODS_PODFILE_DIR_PATH}/Podfile.lock",
				"${PODS_ROOT}/Manifest.lock",
			);
			name = "[CP] Check Pods Manifest.lock";
			outputFileListPaths = (
			);
			outputPaths = (
				"$(DERIVED_FILE_DIR)/Pods-PushNotificationTest-checkManifestLockResult.txt",
			);
			runOnlyForDeploymentPostprocessing = 0;
			shellPath = /bin/sh;
			shellScript = "diff \"${PODS_PODFILE_DIR_PATH}/Podfile.lock\" \"${PODS_ROOT}/Manifest.lock\" > /dev/null\nif [ $? != 0 ] ; then\n    # print error to STDERR\n    echo \"error: The sandbox is not in sync with the Podfile.lock. Run 'pod install' or update your CocoaPods installation.\" >&2\n    exit 1\nfi\n# This output is used by Xcode 'outputs' to avoid re-running this script phase.\necho \"SUCCESS\" > \"${SCRIPT_OUTPUT_FILE_0}\"\n";
			showEnvVarsInLog = 0;
		};
/* End PBXShellScriptBuildPhase section */

/* Begin PBXSourcesBuildPhase section */
		97212411254BA69D00AB748C /* Sources */ = {
			isa = PBXSourcesBuildPhase;
			buildActionMask = 2147483647;
			files = (
				9721241B254BA69D00AB748C /* ContentView.swift in Sources */,
				97212419254BA69D00AB748C /* PushNotificationTestApp.swift in Sources */,
				9721243A254BA9E400AB748C /* AppDelegateswift.swift in Sources */,
			);
			runOnlyForDeploymentPostprocessing = 0;
		};
/* End PBXSourcesBuildPhase section */

/* Begin XCBuildConfiguration section */
		97212422254BA6A300AB748C /* Debug */ = {
			isa = XCBuildConfiguration;
			buildSettings = {
				ALWAYS_SEARCH_USER_PATHS = NO;
				CLANG_ANALYZER_NONNULL = YES;
				CLANG_ANALYZER_NUMBER_OBJECT_CONVERSION = YES_AGGRESSIVE;
				CLANG_CXX_LANGUAGE_STANDARD = "gnu++14";
				CLANG_CXX_LIBRARY = "libc++";
				CLANG_ENABLE_MODULES = YES;
				CLANG_ENABLE_OBJC_ARC = YES;
				CLANG_ENABLE_OBJC_WEAK = YES;
				CLANG_WARN_BLOCK_CAPTURE_AUTORELEASING = YES;
				CLANG_WARN_BOOL_CONVERSION = YES;
				CLANG_WARN_COMMA = YES;
				CLANG_WARN_CONSTANT_CONVERSION = YES;
				CLANG_WARN_DEPRECATED_OBJC_IMPLEMENTATIONS = YES;
				CLANG_WARN_DIRECT_OBJC_ISA_USAGE = YES_ERROR;
				CLANG_WARN_DOCUMENTATION_COMMENTS = YES;
				CLANG_WARN_EMPTY_BODY = YES;
				CLANG_WARN_ENUM_CONVERSION = YES;
				CLANG_WARN_INFINITE_RECURSION = YES;
				CLANG_WARN_INT_CONVERSION = YES;
				CLANG_WARN_NON_LITERAL_NULL_CONVERSION = YES;
				CLANG_WARN_OBJC_IMPLICIT_RETAIN_SELF = YES;
				CLANG_WARN_OBJC_LITERAL_CONVERSION = YES;
				CLANG_WARN_OBJC_ROOT_CLASS = YES_ERROR;
				CLANG_WARN_QUOTED_INCLUDE_IN_FRAMEWORK_HEADER = YES;
				CLANG_WARN_RANGE_LOOP_ANALYSIS = YES;
				CLANG_WARN_STRICT_PROTOTYPES = YES;
				CLANG_WARN_SUSPICIOUS_MOVE = YES;
				CLANG_WARN_UNGUARDED_AVAILABILITY = YES_AGGRESSIVE;
				CLANG_WARN_UNREACHABLE_CODE = YES;
				CLANG_WARN__DUPLICATE_METHOD_MATCH = YES;
				COPY_PHASE_STRIP = NO;
				DEBUG_INFORMATION_FORMAT = dwarf;
				ENABLE_STRICT_OBJC_MSGSEND = YES;
				ENABLE_TESTABILITY = YES;
				GCC_C_LANGUAGE_STANDARD = gnu11;
				GCC_DYNAMIC_NO_PIC = NO;
				GCC_NO_COMMON_BLOCKS = YES;
				GCC_OPTIMIZATION_LEVEL = 0;
				GCC_PREPROCESSOR_DEFINITIONS = (
					"DEBUG=1",
					"$(inherited)",
				);
				GCC_WARN_64_TO_32_BIT_CONVERSION = YES;
				GCC_WARN_ABOUT_RETURN_TYPE = YES_ERROR;
				GCC_WARN_UNDECLARED_SELECTOR = YES;
				GCC_WARN_UNINITIALIZED_AUTOS = YES_AGGRESSIVE;
				GCC_WARN_UNUSED_FUNCTION = YES;
				GCC_WARN_UNUSED_VARIABLE = YES;
				IPHONEOS_DEPLOYMENT_TARGET = 14.0;
				MTL_ENABLE_DEBUG_INFO = INCLUDE_SOURCE;
				MTL_FAST_MATH = YES;
				ONLY_ACTIVE_ARCH = YES;
				SDKROOT = iphoneos;
				SWIFT_ACTIVE_COMPILATION_CONDITIONS = DEBUG;
				SWIFT_OPTIMIZATION_LEVEL = "-Onone";
			};
			name = Debug;
		};
		97212423254BA6A300AB748C /* Release */ = {
			isa = XCBuildConfiguration;
			buildSettings = {
				ALWAYS_SEARCH_USER_PATHS = NO;
				CLANG_ANALYZER_NONNULL = YES;
				CLANG_ANALYZER_NUMBER_OBJECT_CONVERSION = YES_AGGRESSIVE;
				CLANG_CXX_LANGUAGE_STANDARD = "gnu++14";
				CLANG_CXX_LIBRARY = "libc++";
				CLANG_ENABLE_MODULES = YES;
				CLANG_ENABLE_OBJC_ARC = YES;
				CLANG_ENABLE_OBJC_WEAK = YES;
				CLANG_WARN_BLOCK_CAPTURE_AUTORELEASING = YES;
				CLANG_WARN_BOOL_CONVERSION = YES;
				CLANG_WARN_COMMA = YES;
				CLANG_WARN_CONSTANT_CONVERSION = YES;
				CLANG_WARN_DEPRECATED_OBJC_IMPLEMENTATIONS = YES;
				CLANG_WARN_DIRECT_OBJC_ISA_USAGE = YES_ERROR;
				CLANG_WARN_DOCUMENTATION_COMMENTS = YES;
				CLANG_WARN_EMPTY_BODY = YES;
				CLANG_WARN_ENUM_CONVERSION = YES;
				CLANG_WARN_INFINITE_RECURSION = YES;
				CLANG_WARN_INT_CONVERSION = YES;
				CLANG_WARN_NON_LITERAL_NULL_CONVERSION = YES;
				CLANG_WARN_OBJC_IMPLICIT_RETAIN_SELF = YES;
				CLANG_WARN_OBJC_LITERAL_CONVERSION = YES;
				CLANG_WARN_OBJC_ROOT_CLASS = YES_ERROR;
				CLANG_WARN_QUOTED_INCLUDE_IN_FRAMEWORK_HEADER = YES;
				CLANG_WARN_RANGE_LOOP_ANALYSIS = YES;
				CLANG_WARN_STRICT_PROTOTYPES = YES;
				CLANG_WARN_SUSPICIOUS_MOVE = YES;
				CLANG_WARN_UNGUARDED_AVAILABILITY = YES_AGGRESSIVE;
				CLANG_WARN_UNREACHABLE_CODE = YES;
				CLANG_WARN__DUPLICATE_METHOD_MATCH = YES;
				COPY_PHASE_STRIP = NO;
				DEBUG_INFORMATION_FORMAT = "dwarf-with-dsym";
				ENABLE_NS_ASSERTIONS = NO;
				ENABLE_STRICT_OBJC_MSGSEND = YES;
				GCC_C_LANGUAGE_STANDARD = gnu11;
				GCC_NO_COMMON_BLOCKS = YES;
				GCC_WARN_64_TO_32_BIT_CONVERSION = YES;
				GCC_WARN_ABOUT_RETURN_TYPE = YES_ERROR;
				GCC_WARN_UNDECLARED_SELECTOR = YES;
				GCC_WARN_UNINITIALIZED_AUTOS = YES_AGGRESSIVE;
				GCC_WARN_UNUSED_FUNCTION = YES;
				GCC_WARN_UNUSED_VARIABLE = YES;
				IPHONEOS_DEPLOYMENT_TARGET = 14.0;
				MTL_ENABLE_DEBUG_INFO = NO;
				MTL_FAST_MATH = YES;
				SDKROOT = iphoneos;
				SWIFT_COMPILATION_MODE = wholemodule;
				SWIFT_OPTIMIZATION_LEVEL = "-O";
				VALIDATE_PRODUCT = YES;
			};
			name = Release;
		};
		97212425254BA6A300AB748C /* Debug */ = {
			isa = XCBuildConfiguration;
			baseConfigurationReference = 0AA0375006E85689AA776E04 /* Pods-PushNotificationTest.debug.xcconfig */;
			buildSettings = {
				ASSETCATALOG_COMPILER_APPICON_NAME = AppIcon;
				ASSETCATALOG_COMPILER_GLOBAL_ACCENT_COLOR_NAME = AccentColor;
				CODE_SIGN_ENTITLEMENTS = PushNotificationTest/PushNotificationTest.entitlements;
				CODE_SIGN_STYLE = Automatic;
				DEVELOPMENT_ASSET_PATHS = "\"PushNotificationTest/Preview Content\"";
				DEVELOPMENT_TEAM = V6B4TS7288;
				ENABLE_PREVIEWS = YES;
				INFOPLIST_FILE = PushNotificationTest/Info.plist;
				IPHONEOS_DEPLOYMENT_TARGET = 14.0;
				LD_RUNPATH_SEARCH_PATHS = (
					"$(inherited)",
					"@executable_path/Frameworks",
				);
				PRODUCT_BUNDLE_IDENTIFIER = com.das08.PushNotificationTest;
				PRODUCT_NAME = "$(TARGET_NAME)";
				SWIFT_VERSION = 5.0;
				TARGETED_DEVICE_FAMILY = "1,2";
			};
			name = Debug;
		};
		97212426254BA6A300AB748C /* Release */ = {
			isa = XCBuildConfiguration;
			baseConfigurationReference = B13EA636591E7FAF0392B445 /* Pods-PushNotificationTest.release.xcconfig */;
			buildSettings = {
				ASSETCATALOG_COMPILER_APPICON_NAME = AppIcon;
				ASSETCATALOG_COMPILER_GLOBAL_ACCENT_COLOR_NAME = AccentColor;
				CODE_SIGN_ENTITLEMENTS = PushNotificationTest/PushNotificationTest.entitlements;
				CODE_SIGN_STYLE = Automatic;
				DEVELOPMENT_ASSET_PATHS = "\"PushNotificationTest/Preview Content\"";
				DEVELOPMENT_TEAM = V6B4TS7288;
				ENABLE_PREVIEWS = YES;
				INFOPLIST_FILE = PushNotificationTest/Info.plist;
				IPHONEOS_DEPLOYMENT_TARGET = 14.0;
				LD_RUNPATH_SEARCH_PATHS = (
					"$(inherited)",
					"@executable_path/Frameworks",
				);
				PRODUCT_BUNDLE_IDENTIFIER = com.das08.PushNotificationTest;
				PRODUCT_NAME = "$(TARGET_NAME)";
				SWIFT_VERSION = 5.0;
				TARGETED_DEVICE_FAMILY = "1,2";
			};
			name = Release;
		};
/* End XCBuildConfiguration section */

/* Begin XCConfigurationList section */
		97212410254BA69D00AB748C /* Build configuration list for PBXProject "PushNotificationTest" */ = {
			isa = XCConfigurationList;
			buildConfigurations = (
				97212422254BA6A300AB748C /* Debug */,
				97212423254BA6A300AB748C /* Release */,
			);
			defaultConfigurationIsVisible = 0;
			defaultConfigurationName = Release;
		};
		97212424254BA6A300AB748C /* Build configuration list for PBXNativeTarget "PushNotificationTest" */ = {
			isa = XCConfigurationList;
			buildConfigurations = (
				97212425254BA6A300AB748C /* Debug */,
				97212426254BA6A300AB748C /* Release */,
			);
			defaultConfigurationIsVisible = 0;
			defaultConfigurationName = Release;
		};
/* End XCConfigurationList section */
	};
	rootObject = 9721240D254BA69D00AB748C /* Project object */;
}
